
Microsoft Visual Studio Solution File, Format Version 12.00
# Visual Studio Version 17
VisualStudioVersion = 17.2.32616.157
MinimumVisualStudioVersion = 10.0.40219.1
Project("{9A19103F-16F7-4668-BE54-9A1E7A4F7556}") = "DetailAndGo", "DetailAndGo\DetailAndGo.csproj", "{EFE5D6B2-BF71-47E6-A7BA-C805240A4668}"
EndProject
Project("{9A19103F-16F7-4668-BE54-9A1E7A4F7556}") = "DetailAndGoAdmin", "DetailAndGoAdmin\DetailAndGoAdmin.csproj", "{787E891A-CFFD-4FDE-A0D1-88E5C86E7995}"
EndProject
Project("{9A19103F-16F7-4668-BE54-9A1E7A4F7556}") = "DetailAndGoApi", "DetailAndGoApi\DetailAndGoApi.csproj", "{10313DCF-16C3-4E67-BDB5-8774C858144F}"
EndProject
Project("{FAE04EC0-301F-11D3-BF4B-00C04F79EFBC}") = "DetailAndGoMobile", "DetailAndGoMobile\DetailAndGoMobile.csproj", "{11CEFF4E-E3B2-4964-B2F6-CA1C0191326C}"
EndProject
Global
	GlobalSection(SolutionConfigurationPlatforms) = preSolution
		Debug|Any CPU = Debug|Any CPU
		Release|Any CPU = Release|Any CPU
	EndGlobalSection
	GlobalSection(ProjectConfigurationPlatforms) = postSolution
		{EFE5D6B2-BF71-47E6-A7BA-C805240A4668}.Debug|Any CPU.ActiveCfg = Debug|Any CPU
		{EFE5D6B2-BF71-47E6-A7BA-C805240A4668}.Debug|Any CPU.Build.0 = Debug|Any CPU
		{EFE5D6B2-BF71-47E6-A7BA-C805240A4668}.Release|Any CPU.ActiveCfg = Release|Any CPU
		{EFE5D6B2-BF71-47E6-A7BA-C805240A4668}.Release|Any CPU.Build.0 = Release|Any CPU
		{787E891A-CFFD-4FDE-A0D1-88E5C86E7995}.Debug|Any CPU.ActiveCfg = Debug|Any CPU
		{787E891A-CFFD-4FDE-A0D1-88E5C86E7995}.Debug|Any CPU.Build.0 = Debug|Any CPU
		{787E891A-CFFD-4FDE-A0D1-88E5C86E7995}.Release|Any CPU.ActiveCfg = Release|Any CPU
		{787E891A-CFFD-4FDE-A0D1-88E5C86E7995}.Release|Any CPU.Build.0 = Release|Any CPU
		{10313DCF-16C3-4E67-BDB5-8774C858144F}.Debug|Any CPU.ActiveCfg = Debug|Any CPU
		{10313DCF-16C3-4E67-BDB5-8774C858144F}.Debug|Any CPU.Build.0 = Debug|Any CPU
		{10313DCF-16C3-4E67-BDB5-8774C858144F}.Release|Any CPU.ActiveCfg = Release|Any CPU
		{10313DCF-16C3-4E67-BDB5-8774C858144F}.Release|Any CPU.Build.0 = Release|Any CPU
		{11CEFF4E-E3B2-4964-B2F6-CA1C0191326C}.Debug|Any CPU.ActiveCfg = Debug|Any CPU
		{11CEFF4E-E3B2-4964-B2F6-CA1C0191326C}.Debug|Any CPU.Build.0 = Debug|Any CPU
		{11CEFF4E-E3B2-4964-B2F6-CA1C0191326C}.Debug|Any CPU.Deploy.0 = Debug|Any CPU
		{11CEFF4E-E3B2-4964-B2F6-CA1C0191326C}.Release|Any CPU.ActiveCfg = Release|Any CPU
		{11CEFF4E-E3B2-4964-B2F6-CA1C0191326C}.Release|Any CPU.Build.0 = Release|Any CPU
		{11CEFF4E-E3B2-4964-B2F6-CA1C0191326C}.Release|Any CPU.Deploy.0 = Release|Any CPU
	EndGlobalSection
	GlobalSection(SolutionProperties) = preSolution
		HideSolutionNode = FALSE
	EndGlobalSection
	GlobalSection(ExtensibilityGlobals) = postSolution
		SolutionGuid = {4CAEEF9D-0DBA-45B6-A0EF-90D78ACB766F}
	EndGlobalSection
EndGlobal
