{
  "name": "DetailAndGo",
  "lockfileVersion": 2,
  "requires": true,
  "packages": {
    "": {
      "dependencies": {
        "credit-card": "^3.0.2"
      }
    },
    "node_modules/credit-card": {
      "version": "3.0.2",
      "resolved": "https://registry.npmjs.org/credit-card/-/credit-card-3.0.2.tgz",
      "integrity": "sha512-PrG9Fk9coG1SXMLubia3m6Y097Ec3bix2yv7PV4sOpvEFgz+cfUZTl9jgxvQzwRSvDeo07D1q9nbp4EKgZIJsg==",
      "dependencies": {
        "lodash.merge": "4.6.x",
        "reach": "1.x.x"
      },
      "engines": {
        "node": ">=6.0.0"
      }
    },
    "node_modules/lodash.merge": {
      "version": "4.6.2",
      "resolved": "https://registry.npmjs.org/lodash.merge/-/lodash.merge-4.6.2.tgz",
      "integrity": "sha512-0KpjqXRVvrYyCsX1swR/XTK0va6VQkQM6MNo7PqW77ByjAhoARA8EfrP1N4+KlKj8YS0ZUCtRT/YUuhyYDujIQ=="
    },
    "node_modules/reach": {
      "version": "1.0.1",
      "resolved": "https://registry.npmjs.org/reach/-/reach-1.0.1.tgz",
      "integrity": "sha512-TyINp42lj7idWA7/twiZhpokruUPpj6YS1HJ0hDt8L+9upXtK0knjlC2bZigQyg2/okcHJl35Ngxw6ydougFjg==",
      "engines": {
        "node": ">=4.0.0"
      }
    }
  },
  "dependencies": {
    "credit-card": {
      "version": "3.0.2",
      "resolved": "https://registry.npmjs.org/credit-card/-/credit-card-3.0.2.tgz",
      "integrity": "sha512-PrG9Fk9coG1SXMLubia3m6Y097Ec3bix2yv7PV4sOpvEFgz+cfUZTl9jgxvQzwRSvDeo07D1q9nbp4EKgZIJsg==",
      "requires": {
        "lodash.merge": "4.6.x",
        "reach": "1.x.x"
      }
    },
    "lodash.merge": {
      "version": "4.6.2",
      "resolved": "https://registry.npmjs.org/lodash.merge/-/lodash.merge-4.6.2.tgz",
      "integrity": "sha512-0KpjqXRVvrYyCsX1swR/XTK0va6VQkQM6MNo7PqW77ByjAhoARA8EfrP1N4+KlKj8YS0ZUCtRT/YUuhyYDujIQ=="
    },
    "reach": {
      "version": "1.0.1",
      "resolved": "https://registry.npmjs.org/reach/-/reach-1.0.1.tgz",
      "integrity": "sha512-TyINp42lj7idWA7/twiZhpokruUPpj6YS1HJ0hDt8L+9upXtK0knjlC2bZigQyg2/okcHJl35Ngxw6ydougFjg=="
    }
  }
}
